
Microsoft Visual Studio Solution File, Format Version 12.00
# Visual Studio Version 16
VisualStudioVersion = 16.0.31624.102
MinimumVisualStudioVersion = 10.0.40219.1
Project("{FAE04EC0-301F-11D3-BF4B-00C04F79EFBC}") = "Lab1", "Lab1\Lab1.csproj", "{0AF986E8-2635-4DEC-BAB1-CF6D23322EF8}"
EndProject
Project("{9A19103F-16F7-4668-BE54-9A1E7A4F7556}") = "ViewLab1", "ViewLab1\ViewLab1.csproj", "{5C8A6BF5-6D52-4F22-83C9-E26996C0EAF2}"
EndProject
Project("{9A19103F-16F7-4668-BE54-9A1E7A4F7556}") = "Lab2Old", "Lab2\Lab2Old.csproj", "{46CDCAFB-759F-464E-872D-7B3E4A58E700}"
EndProject
Project("{FAE04EC0-301F-11D3-BF4B-00C04F79EFBC}") = "Laba2", "Laba2\Laba2.csproj", "{B88B7DD4-3DF9-405B-B072-75D4DE13F700}"
EndProject
Project("{FAE04EC0-301F-11D3-BF4B-00C04F79EFBC}") = "Laba2View", "Laba2View\Laba2View.csproj", "{8A4C6974-1973-41B0-B684-B723508614A7}"
EndProject
Global
	GlobalSection(SolutionConfigurationPlatforms) = preSolution
		Debug|Any CPU = Debug|Any CPU
		Release|Any CPU = Release|Any CPU
	EndGlobalSection
	GlobalSection(ProjectConfigurationPlatforms) = postSolution
		{0AF986E8-2635-4DEC-BAB1-CF6D23322EF8}.Debug|Any CPU.ActiveCfg = Debug|Any CPU
		{0AF986E8-2635-4DEC-BAB1-CF6D23322EF8}.Debug|Any CPU.Build.0 = Debug|Any CPU
		{0AF986E8-2635-4DEC-BAB1-CF6D23322EF8}.Release|Any CPU.ActiveCfg = Release|Any CPU
		{0AF986E8-2635-4DEC-BAB1-CF6D23322EF8}.Release|Any CPU.Build.0 = Release|Any CPU
		{5C8A6BF5-6D52-4F22-83C9-E26996C0EAF2}.Debug|Any CPU.ActiveCfg = Debug|Any CPU
		{5C8A6BF5-6D52-4F22-83C9-E26996C0EAF2}.Debug|Any CPU.Build.0 = Debug|Any CPU
		{5C8A6BF5-6D52-4F22-83C9-E26996C0EAF2}.Release|Any CPU.ActiveCfg = Release|Any CPU
		{5C8A6BF5-6D52-4F22-83C9-E26996C0EAF2}.Release|Any CPU.Build.0 = Release|Any CPU
		{46CDCAFB-759F-464E-872D-7B3E4A58E700}.Debug|Any CPU.ActiveCfg = Debug|Any CPU
		{46CDCAFB-759F-464E-872D-7B3E4A58E700}.Debug|Any CPU.Build.0 = Debug|Any CPU
		{46CDCAFB-759F-464E-872D-7B3E4A58E700}.Release|Any CPU.ActiveCfg = Release|Any CPU
		{46CDCAFB-759F-464E-872D-7B3E4A58E700}.Release|Any CPU.Build.0 = Release|Any CPU
		{B88B7DD4-3DF9-405B-B072-75D4DE13F700}.Debug|Any CPU.ActiveCfg = Debug|Any CPU
		{B88B7DD4-3DF9-405B-B072-75D4DE13F700}.Debug|Any CPU.Build.0 = Debug|Any CPU
		{B88B7DD4-3DF9-405B-B072-75D4DE13F700}.Release|Any CPU.ActiveCfg = Release|Any CPU
		{B88B7DD4-3DF9-405B-B072-75D4DE13F700}.Release|Any CPU.Build.0 = Release|Any CPU
		{8A4C6974-1973-41B0-B684-B723508614A7}.Debug|Any CPU.ActiveCfg = Debug|Any CPU
		{8A4C6974-1973-41B0-B684-B723508614A7}.Debug|Any CPU.Build.0 = Debug|Any CPU
		{8A4C6974-1973-41B0-B684-B723508614A7}.Release|Any CPU.ActiveCfg = Release|Any CPU
		{8A4C6974-1973-41B0-B684-B723508614A7}.Release|Any CPU.Build.0 = Release|Any CPU
	EndGlobalSection
	GlobalSection(SolutionProperties) = preSolution
		HideSolutionNode = FALSE
	EndGlobalSection
	GlobalSection(ExtensibilityGlobals) = postSolution
		SolutionGuid = {0881A1A4-86A1-4BFE-8927-1C62AD3B6F15}
	EndGlobalSection
EndGlobal
